
Microsoft Visual Studio Solution File, Format Version 12.00
# Visual Studio Version 16
VisualStudioVersion = 16.0.31005.135
MinimumVisualStudioVersion = 10.0.40219.1
Project("{9A19103F-16F7-4668-BE54-9A1E7A4F7556}") = "EsimedGestionProjet", "EsimedGestionProjet\EsimedGestionProjet.csproj", "{74310A7F-331D-4756-91D3-696E811A913E}"
EndProject
Project("{FAE04EC0-301F-11D3-BF4B-00C04F79EFBC}") = "EsimedGestionProjet.Models", "EsimedGestionProjet.Models\EsimedGestionProjet.Models.csproj", "{79024DC6-FBD2-473A-8955-8B9BE17825A8}"
EndProject
Global
	GlobalSection(SolutionConfigurationPlatforms) = preSolution
		Debug|Any CPU = Debug|Any CPU
		Release|Any CPU = Release|Any CPU
	EndGlobalSection
	GlobalSection(ProjectConfigurationPlatforms) = postSolution
		{74310A7F-331D-4756-91D3-696E811A913E}.Debug|Any CPU.ActiveCfg = Debug|Any CPU
		{74310A7F-331D-4756-91D3-696E811A913E}.Debug|Any CPU.Build.0 = Debug|Any CPU
		{74310A7F-331D-4756-91D3-696E811A913E}.Release|Any CPU.ActiveCfg = Release|Any CPU
		{74310A7F-331D-4756-91D3-696E811A913E}.Release|Any CPU.Build.0 = Release|Any CPU
		{79024DC6-FBD2-473A-8955-8B9BE17825A8}.Debug|Any CPU.ActiveCfg = Debug|Any CPU
		{79024DC6-FBD2-473A-8955-8B9BE17825A8}.Debug|Any CPU.Build.0 = Debug|Any CPU
		{79024DC6-FBD2-473A-8955-8B9BE17825A8}.Release|Any CPU.ActiveCfg = Release|Any CPU
		{79024DC6-FBD2-473A-8955-8B9BE17825A8}.Release|Any CPU.Build.0 = Release|Any CPU
	EndGlobalSection
	GlobalSection(SolutionProperties) = preSolution
		HideSolutionNode = FALSE
	EndGlobalSection
	GlobalSection(ExtensibilityGlobals) = postSolution
		SolutionGuid = {224F7649-7D35-4846-AF8B-671C202704C0}
	EndGlobalSection
EndGlobal
